
Microsoft Visual Studio Solution File, Format Version 12.00
# Visual Studio Version 17
VisualStudioVersion = 17.13.35825.156
MinimumVisualStudioVersion = 10.0.40219.1
Project("{FAE04EC0-301F-11D3-BF4B-00C04F79EFBC}") = "ArchitectureG3", "ArchitectureG3\ArchitectureG3.csproj", "{423B8A94-AA66-4954-8A57-1A7B8246B124}"
EndProject
Project("{FAE04EC0-301F-11D3-BF4B-00C04F79EFBC}") = "DAL", "DAL\DAL.csproj", "{FCA9415F-0A21-498F-A36C-0591E997953C}"
EndProject
Project("{FAE04EC0-301F-11D3-BF4B-00C04F79EFBC}") = "WebAPI_PrintingSystem", "WebAPI_PrintingSystem\WebAPI_PrintingSystem.csproj", "{3E0D556C-9946-4B24-BDEB-13898B0EE128}"
EndProject
Project("{FAE04EC0-301F-11D3-BF4B-00C04F79EFBC}") = "MVC_POS", "MVC_POS\MVC_POS.csproj", "{A67943A8-8671-4BCC-AAFC-9D4C7AAFC102}"
EndProject
Project("{FAE04EC0-301F-11D3-BF4B-00C04F79EFBC}") = "MVC_Faculty", "MVC_Faculty\MVC_Faculty.csproj", "{E27BA286-227F-456F-9E8F-C378040B3918}"
EndProject
Global
	GlobalSection(SolutionConfigurationPlatforms) = preSolution
		Debug|Any CPU = Debug|Any CPU
		Release|Any CPU = Release|Any CPU
	EndGlobalSection
	GlobalSection(ProjectConfigurationPlatforms) = postSolution
		{423B8A94-AA66-4954-8A57-1A7B8246B124}.Debug|Any CPU.ActiveCfg = Debug|Any CPU
		{423B8A94-AA66-4954-8A57-1A7B8246B124}.Debug|Any CPU.Build.0 = Debug|Any CPU
		{423B8A94-AA66-4954-8A57-1A7B8246B124}.Release|Any CPU.ActiveCfg = Release|Any CPU
		{423B8A94-AA66-4954-8A57-1A7B8246B124}.Release|Any CPU.Build.0 = Release|Any CPU
		{FCA9415F-0A21-498F-A36C-0591E997953C}.Debug|Any CPU.ActiveCfg = Debug|Any CPU
		{FCA9415F-0A21-498F-A36C-0591E997953C}.Debug|Any CPU.Build.0 = Debug|Any CPU
		{FCA9415F-0A21-498F-A36C-0591E997953C}.Release|Any CPU.ActiveCfg = Release|Any CPU
		{FCA9415F-0A21-498F-A36C-0591E997953C}.Release|Any CPU.Build.0 = Release|Any CPU
		{3E0D556C-9946-4B24-BDEB-13898B0EE128}.Debug|Any CPU.ActiveCfg = Debug|Any CPU
		{3E0D556C-9946-4B24-BDEB-13898B0EE128}.Debug|Any CPU.Build.0 = Debug|Any CPU
		{3E0D556C-9946-4B24-BDEB-13898B0EE128}.Release|Any CPU.ActiveCfg = Release|Any CPU
		{3E0D556C-9946-4B24-BDEB-13898B0EE128}.Release|Any CPU.Build.0 = Release|Any CPU
		{A67943A8-8671-4BCC-AAFC-9D4C7AAFC102}.Debug|Any CPU.ActiveCfg = Debug|Any CPU
		{A67943A8-8671-4BCC-AAFC-9D4C7AAFC102}.Debug|Any CPU.Build.0 = Debug|Any CPU
		{A67943A8-8671-4BCC-AAFC-9D4C7AAFC102}.Release|Any CPU.ActiveCfg = Release|Any CPU
		{A67943A8-8671-4BCC-AAFC-9D4C7AAFC102}.Release|Any CPU.Build.0 = Release|Any CPU
		{E27BA286-227F-456F-9E8F-C378040B3918}.Debug|Any CPU.ActiveCfg = Debug|Any CPU
		{E27BA286-227F-456F-9E8F-C378040B3918}.Debug|Any CPU.Build.0 = Debug|Any CPU
		{E27BA286-227F-456F-9E8F-C378040B3918}.Release|Any CPU.ActiveCfg = Release|Any CPU
		{E27BA286-227F-456F-9E8F-C378040B3918}.Release|Any CPU.Build.0 = Release|Any CPU
	EndGlobalSection
	GlobalSection(SolutionProperties) = preSolution
		HideSolutionNode = FALSE
	EndGlobalSection
	GlobalSection(ExtensibilityGlobals) = postSolution
		SolutionGuid = {7D47C7E8-3BDA-44FE-B202-3B1730074B28}
	EndGlobalSection
EndGlobal
